
Microsoft Visual Studio Solution File, Format Version 12.00
# Visual Studio Version 17
VisualStudioVersion = 17.0.32126.317
MinimumVisualStudioVersion = 10.0.40219.1
Project("{9A19103F-16F7-4668-BE54-9A1E7A4F7556}") = "EntityCRUD", "EntityCRUD\EntityCRUD.csproj", "{A89D2047-E37C-40B4-AA56-0FE45E9ED52F}"
EndProject
Project("{2150E333-8FDC-42A3-9474-1A3956D46DE8}") = "Solution Items", "Solution Items", "{BB63FEEA-E324-4FBA-B5BB-EB8B86F1B099}"
	ProjectSection(SolutionItems) = preProject
		README.md = README.md
	EndProjectSection
EndProject
Global
	GlobalSection(SolutionConfigurationPlatforms) = preSolution
		Debug|Any CPU = Debug|Any CPU
		Release|Any CPU = Release|Any CPU
	EndGlobalSection
	GlobalSection(ProjectConfigurationPlatforms) = postSolution
		{A89D2047-E37C-40B4-AA56-0FE45E9ED52F}.Debug|Any CPU.ActiveCfg = Debug|Any CPU
		{A89D2047-E37C-40B4-AA56-0FE45E9ED52F}.Debug|Any CPU.Build.0 = Debug|Any CPU
		{A89D2047-E37C-40B4-AA56-0FE45E9ED52F}.Release|Any CPU.ActiveCfg = Release|Any CPU
		{A89D2047-E37C-40B4-AA56-0FE45E9ED52F}.Release|Any CPU.Build.0 = Release|Any CPU
	EndGlobalSection
	GlobalSection(SolutionProperties) = preSolution
		HideSolutionNode = FALSE
	EndGlobalSection
	GlobalSection(ExtensibilityGlobals) = postSolution
		SolutionGuid = {EF989909-BFCD-4531-B7A4-00829DC52A95}
	EndGlobalSection
EndGlobal
