
Microsoft Visual Studio Solution File, Format Version 12.00
# Visual Studio Version 17
VisualStudioVersion = 17.0.32126.317
MinimumVisualStudioVersion = 10.0.40219.1
Project("{FAE04EC0-301F-11D3-BF4B-00C04F79EFBC}") = "EntityCRUD", "EntityCRUD\EntityCRUD.csproj", "{A89D2047-E37C-40B4-AA56-0FE45E9ED52F}"
EndProject
Global
	GlobalSection(SolutionConfigurationPlatforms) = preSolution
		Debug|Any CPU = Debug|Any CPU
		Release|Any CPU = Release|Any CPU
	EndGlobalSection
	GlobalSection(ProjectConfigurationPlatforms) = postSolution
		{A89D2047-E37C-40B4-AA56-0FE45E9ED52F}.Debug|Any CPU.ActiveCfg = Debug|Any CPU
		{A89D2047-E37C-40B4-AA56-0FE45E9ED52F}.Debug|Any CPU.Build.0 = Debug|Any CPU
		{A89D2047-E37C-40B4-AA56-0FE45E9ED52F}.Release|Any CPU.ActiveCfg = Release|Any CPU
		{A89D2047-E37C-40B4-AA56-0FE45E9ED52F}.Release|Any CPU.Build.0 = Release|Any CPU
	EndGlobalSection
	GlobalSection(SolutionProperties) = preSolution
		HideSolutionNode = FALSE
	EndGlobalSection
	GlobalSection(ExtensibilityGlobals) = postSolution
		SolutionGuid = {EF989909-BFCD-4531-B7A4-00829DC52A95}
	EndGlobalSection
EndGlobal
